
Microsoft Visual Studio Solution File, Format Version 12.00
# Visual Studio Version 17
VisualStudioVersion = 17.10.35013.160
MinimumVisualStudioVersion = 10.0.40219.1
Project("{9A19103F-16F7-4668-BE54-9A1E7A4F7556}") = "TechHrms.Models", "TechHrms.Models\TechHrms.Models.csproj", "{123F8738-1668-4C06-AFB6-30F521C8515A}"
EndProject
Project("{9A19103F-16F7-4668-BE54-9A1E7A4F7556}") = "TechHrms.Infrastructure", "TechHrms.Infrastructure\TechHrms.Infrastructure.csproj", "{FF967F7A-BB61-4E78-BB2B-21D879ED64BF}"
EndProject
Project("{9A19103F-16F7-4668-BE54-9A1E7A4F7556}") = "TechHrms.Application", "TechHrms.Application\TechHrms.Application.csproj", "{D1A89DA7-788F-4BAF-B7A5-0F6028E0C076}"
EndProject
Project("{FAE04EC0-301F-11D3-BF4B-00C04F79EFBC}") = "TechHrms.WebApp", "TechHrms.WebApp\TechHrms.WebApp.csproj", "{BAF33833-760C-46C1-9506-5E121CF3E682}"
EndProject
Project("{FAE04EC0-301F-11D3-BF4B-00C04F79EFBC}") = "TechHrms.Tests", "TechHrms.Tests\TechHrms.Tests.csproj", "{651F779F-0159-46BE-AA5A-D1BD136CE89F}"
EndProject
Global
	GlobalSection(SolutionConfigurationPlatforms) = preSolution
		Debug|Any CPU = Debug|Any CPU
		Release|Any CPU = Release|Any CPU
	EndGlobalSection
	GlobalSection(ProjectConfigurationPlatforms) = postSolution
		{123F8738-1668-4C06-AFB6-30F521C8515A}.Debug|Any CPU.ActiveCfg = Debug|Any CPU
		{123F8738-1668-4C06-AFB6-30F521C8515A}.Debug|Any CPU.Build.0 = Debug|Any CPU
		{123F8738-1668-4C06-AFB6-30F521C8515A}.Release|Any CPU.ActiveCfg = Release|Any CPU
		{123F8738-1668-4C06-AFB6-30F521C8515A}.Release|Any CPU.Build.0 = Release|Any CPU
		{FF967F7A-BB61-4E78-BB2B-21D879ED64BF}.Debug|Any CPU.ActiveCfg = Debug|Any CPU
		{FF967F7A-BB61-4E78-BB2B-21D879ED64BF}.Debug|Any CPU.Build.0 = Debug|Any CPU
		{FF967F7A-BB61-4E78-BB2B-21D879ED64BF}.Release|Any CPU.ActiveCfg = Release|Any CPU
		{FF967F7A-BB61-4E78-BB2B-21D879ED64BF}.Release|Any CPU.Build.0 = Release|Any CPU
		{D1A89DA7-788F-4BAF-B7A5-0F6028E0C076}.Debug|Any CPU.ActiveCfg = Debug|Any CPU
		{D1A89DA7-788F-4BAF-B7A5-0F6028E0C076}.Debug|Any CPU.Build.0 = Debug|Any CPU
		{D1A89DA7-788F-4BAF-B7A5-0F6028E0C076}.Release|Any CPU.ActiveCfg = Release|Any CPU
		{D1A89DA7-788F-4BAF-B7A5-0F6028E0C076}.Release|Any CPU.Build.0 = Release|Any CPU
		{BAF33833-760C-46C1-9506-5E121CF3E682}.Debug|Any CPU.ActiveCfg = Debug|Any CPU
		{BAF33833-760C-46C1-9506-5E121CF3E682}.Debug|Any CPU.Build.0 = Debug|Any CPU
		{BAF33833-760C-46C1-9506-5E121CF3E682}.Release|Any CPU.ActiveCfg = Release|Any CPU
		{BAF33833-760C-46C1-9506-5E121CF3E682}.Release|Any CPU.Build.0 = Release|Any CPU
		{651F779F-0159-46BE-AA5A-D1BD136CE89F}.Debug|Any CPU.ActiveCfg = Debug|Any CPU
		{651F779F-0159-46BE-AA5A-D1BD136CE89F}.Debug|Any CPU.Build.0 = Debug|Any CPU
		{651F779F-0159-46BE-AA5A-D1BD136CE89F}.Release|Any CPU.ActiveCfg = Release|Any CPU
		{651F779F-0159-46BE-AA5A-D1BD136CE89F}.Release|Any CPU.Build.0 = Release|Any CPU
	EndGlobalSection
	GlobalSection(SolutionProperties) = preSolution
		HideSolutionNode = FALSE
	EndGlobalSection
	GlobalSection(ExtensibilityGlobals) = postSolution
		SolutionGuid = {5B60D1C7-A37A-4437-B5C5-CEAFDA282903}
	EndGlobalSection
EndGlobal
